// !$*UTF8*$!
{
	archiveVersion = 1;
	classes = {
	};
	objectVersion = 46;
	objects = {

/* Begin PBXBuildFile section */
		4A5DDAD31E0C429E00BFCC65 /* AppDelegate.swift in Sources */ = {isa = PBXBuildFile; fileRef = 4A5DDAD21E0C429E00BFCC65 /* AppDelegate.swift */; };
		4A5DDAD51E0C429E00BFCC65 /* ViewController.swift in Sources */ = {isa = PBXBuildFile; fileRef = 4A5DDAD41E0C429E00BFCC65 /* ViewController.swift */; };
		4A5DDAD81E0C429E00BFCC65 /* Main.storyboard in Resources */ = {isa = PBXBuildFile; fileRef = 4A5DDAD61E0C429E00BFCC65 /* Main.storyboard */; };
		4A5DDADA1E0C429E00BFCC65 /* Assets.xcassets in Resources */ = {isa = PBXBuildFile; fileRef = 4A5DDAD91E0C429E00BFCC65 /* Assets.xcassets */; };
		4A5DDADD1E0C429E00BFCC65 /* LaunchScreen.storyboard in Resources */ = {isa = PBXBuildFile; fileRef = 4A5DDADB1E0C429E00BFCC65 /* LaunchScreen.storyboard */; };
		4A7DF3E41E0D7E2D005056A1 /* JKCalendarHeader.swift in Sources */ = {isa = PBXBuildFile; fileRef = 4A7DF3E21E0D7E2D005056A1 /* JKCalendarHeader.swift */; };
		4A7DF3E51E0D7E2D005056A1 /* JKCalendarHeader.xib in Resources */ = {isa = PBXBuildFile; fileRef = 4A7DF3E31E0D7E2D005056A1 /* JKCalendarHeader.xib */; };
		4A7DF3EB1E0DED4E005056A1 /* ActivityDate.swift in Sources */ = {isa = PBXBuildFile; fileRef = 4A7DF3E91E0DED4E005056A1 /* ActivityDate.swift */; };
		4A7DF3EC1E0DED4E005056A1 /* Month.swift in Sources */ = {isa = PBXBuildFile; fileRef = 4A7DF3EA1E0DED4E005056A1 /* Month.swift */; };
		4A7F21A81E0CAB6B00A6C2C6 /* JKCalendar.swift in Sources */ = {isa = PBXBuildFile; fileRef = 4A7F21A71E0CAB6B00A6C2C6 /* JKCalendar.swift */; };
		4A7F21AA1E0CAB7500A6C2C6 /* JKCalendar.xib in Resources */ = {isa = PBXBuildFile; fileRef = 4A7F21A91E0CAB7500A6C2C6 /* JKCalendar.xib */; };
		4A7F21AD1E0CAD0F00A6C2C6 /* JKCalendarCell.swift in Sources */ = {isa = PBXBuildFile; fileRef = 4A7F21AB1E0CAD0F00A6C2C6 /* JKCalendarCell.swift */; };
		4A7F21AE1E0CAD0F00A6C2C6 /* JKCalendarCell.xib in Resources */ = {isa = PBXBuildFile; fileRef = 4A7F21AC1E0CAD0F00A6C2C6 /* JKCalendarCell.xib */; };
/* End PBXBuildFile section */

/* Begin PBXFileReference section */
		4A5DDACF1E0C429E00BFCC65 /* JKCalendar.app */ = {isa = PBXFileReference; explicitFileType = wrapper.application; includeInIndex = 0; path = JKCalendar.app; sourceTree = BUILT_PRODUCTS_DIR; };
		4A5DDAD21E0C429E00BFCC65 /* AppDelegate.swift */ = {isa = PBXFileReference; lastKnownFileType = sourcecode.swift; path = AppDelegate.swift; sourceTree = "<group>"; };
		4A5DDAD41E0C429E00BFCC65 /* ViewController.swift */ = {isa = PBXFileReference; lastKnownFileType = sourcecode.swift; path = ViewController.swift; sourceTree = "<group>"; };
		4A5DDAD71E0C429E00BFCC65 /* Base */ = {isa = PBXFileReference; lastKnownFileType = file.storyboard; name = Base; path = Base.lproj/Main.storyboard; sourceTree = "<group>"; };
		4A5DDAD91E0C429E00BFCC65 /* Assets.xcassets */ = {isa = PBXFileReference; lastKnownFileType = folder.assetcatalog; path = Assets.xcassets; sourceTree = "<group>"; };
		4A5DDADC1E0C429E00BFCC65 /* Base */ = {isa = PBXFileReference; lastKnownFileType = file.storyboard; name = Base; path = Base.lproj/LaunchScreen.storyboard; sourceTree = "<group>"; };
		4A5DDADE1E0C429E00BFCC65 /* Info.plist */ = {isa = PBXFileReference; lastKnownFileType = text.plist.xml; path = Info.plist; sourceTree = "<group>"; };
		4A7DF3E21E0D7E2D005056A1 /* JKCalendarHeader.swift */ = {isa = PBXFileReference; fileEncoding = 4; lastKnownFileType = sourcecode.swift; path = JKCalendarHeader.swift; sourceTree = "<group>"; };
		4A7DF3E31E0D7E2D005056A1 /* JKCalendarHeader.xib */ = {isa = PBXFileReference; fileEncoding = 4; lastKnownFileType = file.xib; path = JKCalendarHeader.xib; sourceTree = "<group>"; };
		4A7DF3E91E0DED4E005056A1 /* ActivityDate.swift */ = {isa = PBXFileReference; fileEncoding = 4; lastKnownFileType = sourcecode.swift; path = ActivityDate.swift; sourceTree = "<group>"; };
		4A7DF3EA1E0DED4E005056A1 /* Month.swift */ = {isa = PBXFileReference; fileEncoding = 4; lastKnownFileType = sourcecode.swift; path = Month.swift; sourceTree = "<group>"; };
		4A7F21A71E0CAB6B00A6C2C6 /* JKCalendar.swift */ = {isa = PBXFileReference; fileEncoding = 4; lastKnownFileType = sourcecode.swift; path = JKCalendar.swift; sourceTree = "<group>"; };
		4A7F21A91E0CAB7500A6C2C6 /* JKCalendar.xib */ = {isa = PBXFileReference; fileEncoding = 4; lastKnownFileType = file.xib; path = JKCalendar.xib; sourceTree = "<group>"; };
		4A7F21AB1E0CAD0F00A6C2C6 /* JKCalendarCell.swift */ = {isa = PBXFileReference; fileEncoding = 4; lastKnownFileType = sourcecode.swift; path = JKCalendarCell.swift; sourceTree = "<group>"; };
		4A7F21AC1E0CAD0F00A6C2C6 /* JKCalendarCell.xib */ = {isa = PBXFileReference; fileEncoding = 4; lastKnownFileType = file.xib; path = JKCalendarCell.xib; sourceTree = "<group>"; };
/* End PBXFileReference section */

/* Begin PBXFrameworksBuildPhase section */
		4A5DDACC1E0C429E00BFCC65 /* Frameworks */ = {
			isa = PBXFrameworksBuildPhase;
			buildActionMask = 2147483647;
			files = (
			);
			runOnlyForDeploymentPostprocessing = 0;
		};
/* End PBXFrameworksBuildPhase section */

/* Begin PBXGroup section */
		4A5DDAC61E0C429E00BFCC65 = {
			isa = PBXGroup;
			children = (
				4A5DDAD11E0C429E00BFCC65 /* JKCalendar */,
				4A5DDAD01E0C429E00BFCC65 /* Products */,
			);
			sourceTree = "<group>";
		};
		4A5DDAD01E0C429E00BFCC65 /* Products */ = {
			isa = PBXGroup;
			children = (
				4A5DDACF1E0C429E00BFCC65 /* JKCalendar.app */,
			);
			name = Products;
			sourceTree = "<group>";
		};
		4A5DDAD11E0C429E00BFCC65 /* JKCalendar */ = {
			isa = PBXGroup;
			children = (
				4A7DF3E91E0DED4E005056A1 /* ActivityDate.swift */,
				4A7DF3EA1E0DED4E005056A1 /* Month.swift */,
				4A5DDAD21E0C429E00BFCC65 /* AppDelegate.swift */,
				4A5DDAD41E0C429E00BFCC65 /* ViewController.swift */,
				4A5DDAD61E0C429E00BFCC65 /* Main.storyboard */,
				4A5DDAD91E0C429E00BFCC65 /* Assets.xcassets */,
				4A5DDADB1E0C429E00BFCC65 /* LaunchScreen.storyboard */,
				4A5DDADE1E0C429E00BFCC65 /* Info.plist */,
				4A7F21A71E0CAB6B00A6C2C6 /* JKCalendar.swift */,
				4A7F21A91E0CAB7500A6C2C6 /* JKCalendar.xib */,
				4A7F21AB1E0CAD0F00A6C2C6 /* JKCalendarCell.swift */,
				4A7F21AC1E0CAD0F00A6C2C6 /* JKCalendarCell.xib */,
				4A7DF3E21E0D7E2D005056A1 /* JKCalendarHeader.swift */,
				4A7DF3E31E0D7E2D005056A1 /* JKCalendarHeader.xib */,
			);
			path = JKCalendar;
			sourceTree = "<group>";
		};
/* End PBXGroup section */

/* Begin PBXNativeTarget section */
		4A5DDACE1E0C429E00BFCC65 /* JKCalendar */ = {
			isa = PBXNativeTarget;
			buildConfigurationList = 4A5DDAE11E0C429E00BFCC65 /* Build configuration list for PBXNativeTarget "JKCalendar" */;
			buildPhases = (
				4A5DDACB1E0C429E00BFCC65 /* Sources */,
				4A5DDACC1E0C429E00BFCC65 /* Frameworks */,
				4A5DDACD1E0C429E00BFCC65 /* Resources */,
			);
			buildRules = (
			);
			dependencies = (
			);
			name = JKCalendar;
			productName = JKCalendar;
			productReference = 4A5DDACF1E0C429E00BFCC65 /* JKCalendar.app */;
			productType = "com.apple.product-type.application";
		};
/* End PBXNativeTarget section */

/* Begin PBXProject section */
		4A5DDAC71E0C429E00BFCC65 /* Project object */ = {
			isa = PBXProject;
			attributes = {
				LastSwiftUpdateCheck = 0820;
				LastUpgradeCheck = 0820;
				ORGANIZATIONNAME = jerronimo;
				TargetAttributes = {
					4A5DDACE1E0C429E00BFCC65 = {
						CreatedOnToolsVersion = 8.2.1;
						DevelopmentTeam = 7MVJHY6Y9U;
						ProvisioningStyle = Automatic;
					};
				};
			};
			buildConfigurationList = 4A5DDACA1E0C429E00BFCC65 /* Build configuration list for PBXProject "JKCalendar" */;
			compatibilityVersion = "Xcode 3.2";
			developmentRegion = English;
			hasScannedForEncodings = 0;
			knownRegions = (
				en,
				Base,
			);
			mainGroup = 4A5DDAC61E0C429E00BFCC65;
			productRefGroup = 4A5DDAD01E0C429E00BFCC65 /* Products */;
			projectDirPath = "";
			projectRoot = "";
			targets = (
				4A5DDACE1E0C429E00BFCC65 /* JKCalendar */,
			);
		};
/* End PBXProject section */

/* Begin PBXResourcesBuildPhase section */
		4A5DDACD1E0C429E00BFCC65 /* Resources */ = {
			isa = PBXResourcesBuildPhase;
			buildActionMask = 2147483647;
			files = (
				4A5DDADD1E0C429E00BFCC65 /* LaunchScreen.storyboard in Resources */,
				4A7DF3E51E0D7E2D005056A1 /* JKCalendarHeader.xib in Resources */,
				4A5DDADA1E0C429E00BFCC65 /* Assets.xcassets in Resources */,
				4A7F21AA1E0CAB7500A6C2C6 /* JKCalendar.xib in Resources */,
				4A5DDAD81E0C429E00BFCC65 /* Main.storyboard in Resources */,
				4A7F21AE1E0CAD0F00A6C2C6 /* JKCalendarCell.xib in Resources */,
			);
			runOnlyForDeploymentPostprocessing = 0;
		};
/* End PBXResourcesBuildPhase section */

/* Begin PBXSourcesBuildPhase section */
		4A5DDACB1E0C429E00BFCC65 /* Sources */ = {
			isa = PBXSourcesBuildPhase;
			buildActionMask = 2147483647;
			files = (
				4A7DF3EB1E0DED4E005056A1 /* ActivityDate.swift in Sources */,
				4A5DDAD51E0C429E00BFCC65 /* ViewController.swift in Sources */,
				4A7DF3EC1E0DED4E005056A1 /* Month.swift in Sources */,
				4A5DDAD31E0C429E00BFCC65 /* AppDelegate.swift in Sources */,
				4A7F21A81E0CAB6B00A6C2C6 /* JKCalendar.swift in Sources */,
				4A7F21AD1E0CAD0F00A6C2C6 /* JKCalendarCell.swift in Sources */,
				4A7DF3E41E0D7E2D005056A1 /* JKCalendarHeader.swift in Sources */,
			);
			runOnlyForDeploymentPostprocessing = 0;
		};
/* End PBXSourcesBuildPhase section */

/* Begin PBXVariantGroup section */
		4A5DDAD61E0C429E00BFCC65 /* Main.storyboard */ = {
			isa = PBXVariantGroup;
			children = (
				4A5DDAD71E0C429E00BFCC65 /* Base */,
			);
			name = Main.storyboard;
			sourceTree = "<group>";
		};
		4A5DDADB1E0C429E00BFCC65 /* LaunchScreen.storyboard */ = {
			isa = PBXVariantGroup;
			children = (
				4A5DDADC1E0C429E00BFCC65 /* Base */,
			);
			name = LaunchScreen.storyboard;
			sourceTree = "<group>";
		};
/* End PBXVariantGroup section */

/* Begin XCBuildConfiguration section */
		4A5DDADF1E0C429E00BFCC65 /* Debug */ = {
			isa = XCBuildConfiguration;
			buildSettings = {
				ALWAYS_SEARCH_USER_PATHS = NO;
				CLANG_ANALYZER_NONNULL = YES;
				CLANG_CXX_LANGUAGE_STANDARD = "gnu++0x";
				CLANG_CXX_LIBRARY = "libc++";
				CLANG_ENABLE_MODULES = YES;
				CLANG_ENABLE_OBJC_ARC = YES;
				CLANG_WARN_BOOL_CONVERSION = YES;
				CLANG_WARN_CONSTANT_CONVERSION = YES;
				CLANG_WARN_DIRECT_OBJC_ISA_USAGE = YES_ERROR;
				CLANG_WARN_DOCUMENTATION_COMMENTS = YES;
				CLANG_WARN_EMPTY_BODY = YES;
				CLANG_WARN_ENUM_CONVERSION = YES;
				CLANG_WARN_INFINITE_RECURSION = YES;
				CLANG_WARN_INT_CONVERSION = YES;
				CLANG_WARN_OBJC_ROOT_CLASS = YES_ERROR;
				CLANG_WARN_SUSPICIOUS_MOVE = YES;
				CLANG_WARN_UNREACHABLE_CODE = YES;
				CLANG_WARN__DUPLICATE_METHOD_MATCH = YES;
				"CODE_SIGN_IDENTITY[sdk=iphoneos*]" = "iPhone Developer";
				COPY_PHASE_STRIP = NO;
				DEBUG_INFORMATION_FORMAT = dwarf;
				ENABLE_STRICT_OBJC_MSGSEND = YES;
				ENABLE_TESTABILITY = YES;
				GCC_C_LANGUAGE_STANDARD = gnu99;
				GCC_DYNAMIC_NO_PIC = NO;
				GCC_NO_COMMON_BLOCKS = YES;
				GCC_OPTIMIZATION_LEVEL = 0;
				GCC_PREPROCESSOR_DEFINITIONS = (
					"DEBUG=1",
					"$(inherited)",
				);
				GCC_WARN_64_TO_32_BIT_CONVERSION = YES;
				GCC_WARN_ABOUT_RETURN_TYPE = YES_ERROR;
				GCC_WARN_UNDECLARED_SELECTOR = YES;
				GCC_WARN_UNINITIALIZED_AUTOS = YES_AGGRESSIVE;
				GCC_WARN_UNUSED_FUNCTION = YES;
				GCC_WARN_UNUSED_VARIABLE = YES;
				IPHONEOS_DEPLOYMENT_TARGET = 10.2;
				MTL_ENABLE_DEBUG_INFO = YES;
				ONLY_ACTIVE_ARCH = YES;
				SDKROOT = iphoneos;
				SWIFT_ACTIVE_COMPILATION_CONDITIONS = DEBUG;
				SWIFT_OPTIMIZATION_LEVEL = "-Onone";
				TARGETED_DEVICE_FAMILY = "1,2";
			};
			name = Debug;
		};
		4A5DDAE01E0C429E00BFCC65 /* Release */ = {
			isa = XCBuildConfiguration;
			buildSettings = {
				ALWAYS_SEARCH_USER_PATHS = NO;
				CLANG_ANALYZER_NONNULL = YES;
				CLANG_CXX_LANGUAGE_STANDARD = "gnu++0x";
				CLANG_CXX_LIBRARY = "libc++";
				CLANG_ENABLE_MODULES = YES;
				CLANG_ENABLE_OBJC_ARC = YES;
				CLANG_WARN_BOOL_CONVERSION = YES;
				CLANG_WARN_CONSTANT_CONVERSION = YES;
				CLANG_WARN_DIRECT_OBJC_ISA_USAGE = YES_ERROR;
				CLANG_WARN_DOCUMENTATION_COMMENTS = YES;
				CLANG_WARN_EMPTY_BODY = YES;
				CLANG_WARN_ENUM_CONVERSION = YES;
				CLANG_WARN_INFINITE_RECURSION = YES;
				CLANG_WARN_INT_CONVERSION = YES;
				CLANG_WARN_OBJC_ROOT_CLASS = YES_ERROR;
				CLANG_WARN_SUSPICIOUS_MOVE = YES;
				CLANG_WARN_UNREACHABLE_CODE = YES;
				CLANG_WARN__DUPLICATE_METHOD_MATCH = YES;
				"CODE_SIGN_IDENTITY[sdk=iphoneos*]" = "iPhone Developer";
				COPY_PHASE_STRIP = NO;
				DEBUG_INFORMATION_FORMAT = "dwarf-with-dsym";
				ENABLE_NS_ASSERTIONS = NO;
				ENABLE_STRICT_OBJC_MSGSEND = YES;
				GCC_C_LANGUAGE_STANDARD = gnu99;
				GCC_NO_COMMON_BLOCKS = YES;
				GCC_WARN_64_TO_32_BIT_CONVERSION = YES;
				GCC_WARN_ABOUT_RETURN_TYPE = YES_ERROR;
				GCC_WARN_UNDECLARED_SELECTOR = YES;
				GCC_WARN_UNINITIALIZED_AUTOS = YES_AGGRESSIVE;
				GCC_WARN_UNUSED_FUNCTION = YES;
				GCC_WARN_UNUSED_VARIABLE = YES;
				IPHONEOS_DEPLOYMENT_TARGET = 10.2;
				MTL_ENABLE_DEBUG_INFO = NO;
				SDKROOT = iphoneos;
				SWIFT_OPTIMIZATION_LEVEL = "-Owholemodule";
				TARGETED_DEVICE_FAMILY = "1,2";
				VALIDATE_PRODUCT = YES;
			};
			name = Release;
		};
		4A5DDAE21E0C429E00BFCC65 /* Debug */ = {
			isa = XCBuildConfiguration;
			buildSettings = {
				ASSETCATALOG_COMPILER_APPICON_NAME = AppIcon;
				DEVELOPMENT_TEAM = 7MVJHY6Y9U;
				INFOPLIST_FILE = JKCalendar/Info.plist;
				LD_RUNPATH_SEARCH_PATHS = "$(inherited) @executable_path/Frameworks";
				PRODUCT_BUNDLE_IDENTIFIER = jerronimo.JKCalendar;
				PRODUCT_NAME = "$(TARGET_NAME)";
				SWIFT_VERSION = 3.0;
			};
			name = Debug;
		};
		4A5DDAE31E0C429E00BFCC65 /* Release */ = {
			isa = XCBuildConfiguration;
			buildSettings = {
				ASSETCATALOG_COMPILER_APPICON_NAME = AppIcon;
				DEVELOPMENT_TEAM = 7MVJHY6Y9U;
				INFOPLIST_FILE = JKCalendar/Info.plist;
				LD_RUNPATH_SEARCH_PATHS = "$(inherited) @executable_path/Frameworks";
				PRODUCT_BUNDLE_IDENTIFIER = jerronimo.JKCalendar;
				PRODUCT_NAME = "$(TARGET_NAME)";
				SWIFT_VERSION = 3.0;
			};
			name = Release;
		};
/* End XCBuildConfiguration section */

/* Begin XCConfigurationList section */
		4A5DDACA1E0C429E00BFCC65 /* Build configuration list for PBXProject "JKCalendar" */ = {
			isa = XCConfigurationList;
			buildConfigurations = (
				4A5DDADF1E0C429E00BFCC65 /* Debug */,
				4A5DDAE01E0C429E00BFCC65 /* Release */,
			);
			defaultConfigurationIsVisible = 0;
			defaultConfigurationName = Release;
		};
		4A5DDAE11E0C429E00BFCC65 /* Build configuration list for PBXNativeTarget "JKCalendar" */ = {
			isa = XCConfigurationList;
			buildConfigurations = (
				4A5DDAE21E0C429E00BFCC65 /* Debug */,
				4A5DDAE31E0C429E00BFCC65 /* Release */,
			);
			defaultConfigurationIsVisible = 0;
			defaultConfigurationName = Release;
		};
/* End XCConfigurationList section */
	};
	rootObject = 4A5DDAC71E0C429E00BFCC65 /* Project object */;
}
